
Microsoft Visual Studio Solution File, Format Version 12.00
# Visual Studio 15
VisualStudioVersion = 15.0.28307.902
MinimumVisualStudioVersion = 10.0.40219.1
Project("{FAE04EC0-301F-11D3-BF4B-00C04F79EFBC}") = "ProductManagement", "ProductManagement\ProductManagement.csproj", "{00C45398-997F-4069-996C-645099122735}"
EndProject
Global
	GlobalSection(SolutionConfigurationPlatforms) = preSolution
		Debug|Any CPU = Debug|Any CPU
		Release|Any CPU = Release|Any CPU
	EndGlobalSection
	GlobalSection(ProjectConfigurationPlatforms) = postSolution
		{00C45398-997F-4069-996C-645099122735}.Debug|Any CPU.ActiveCfg = Debug|Any CPU
		{00C45398-997F-4069-996C-645099122735}.Debug|Any CPU.Build.0 = Debug|Any CPU
		{00C45398-997F-4069-996C-645099122735}.Release|Any CPU.ActiveCfg = Release|Any CPU
		{00C45398-997F-4069-996C-645099122735}.Release|Any CPU.Build.0 = Release|Any CPU
	EndGlobalSection
	GlobalSection(SolutionProperties) = preSolution
		HideSolutionNode = FALSE
	EndGlobalSection
	GlobalSection(ExtensibilityGlobals) = postSolution
		SolutionGuid = {957F0EBD-DB01-4CBC-BBA5-79751C9A79E4}
	EndGlobalSection
EndGlobal
